
Microsoft Visual Studio Solution File, Format Version 12.00
# Visual Studio Version 17
VisualStudioVersion = 17.14.36518.9 d17.14
MinimumVisualStudioVersion = 10.0.40219.1
Project("{FAE04EC0-301F-11D3-BF4B-00C04F79EFBC}") = "carbono.webapi", "carbono.webapi\carbono.webapi.csproj", "{3121F7EA-FA7B-4867-927D-13AB7484FD72}"
EndProject
Project("{FAE04EC0-301F-11D3-BF4B-00C04F79EFBC}") = "carbono.domain", "carbono.core\carbono.domain.csproj", "{81FAACB9-A1DB-489A-8309-2BF635F58900}"
EndProject
Project("{FAE04EC0-301F-11D3-BF4B-00C04F79EFBC}") = "carbono.application", "carbono.application\carbono.application.csproj", "{AA881DDE-AFAE-4DC6-B452-DABB692626E4}"
EndProject
Project("{FAE04EC0-301F-11D3-BF4B-00C04F79EFBC}") = "carbono.infraestructure", "carbono.infraestructure\carbono.infraestructure.csproj", "{C55ED48C-605F-4423-9385-65CDC5EEAD37}"
EndProject
Global
	GlobalSection(SolutionConfigurationPlatforms) = preSolution
		Debug|Any CPU = Debug|Any CPU
		Release|Any CPU = Release|Any CPU
	EndGlobalSection
	GlobalSection(ProjectConfigurationPlatforms) = postSolution
		{3121F7EA-FA7B-4867-927D-13AB7484FD72}.Debug|Any CPU.ActiveCfg = Debug|Any CPU
		{3121F7EA-FA7B-4867-927D-13AB7484FD72}.Debug|Any CPU.Build.0 = Debug|Any CPU
		{3121F7EA-FA7B-4867-927D-13AB7484FD72}.Release|Any CPU.ActiveCfg = Release|Any CPU
		{3121F7EA-FA7B-4867-927D-13AB7484FD72}.Release|Any CPU.Build.0 = Release|Any CPU
		{81FAACB9-A1DB-489A-8309-2BF635F58900}.Debug|Any CPU.ActiveCfg = Debug|Any CPU
		{81FAACB9-A1DB-489A-8309-2BF635F58900}.Debug|Any CPU.Build.0 = Debug|Any CPU
		{81FAACB9-A1DB-489A-8309-2BF635F58900}.Release|Any CPU.ActiveCfg = Release|Any CPU
		{81FAACB9-A1DB-489A-8309-2BF635F58900}.Release|Any CPU.Build.0 = Release|Any CPU
		{AA881DDE-AFAE-4DC6-B452-DABB692626E4}.Debug|Any CPU.ActiveCfg = Debug|Any CPU
		{AA881DDE-AFAE-4DC6-B452-DABB692626E4}.Debug|Any CPU.Build.0 = Debug|Any CPU
		{AA881DDE-AFAE-4DC6-B452-DABB692626E4}.Release|Any CPU.ActiveCfg = Release|Any CPU
		{AA881DDE-AFAE-4DC6-B452-DABB692626E4}.Release|Any CPU.Build.0 = Release|Any CPU
		{C55ED48C-605F-4423-9385-65CDC5EEAD37}.Debug|Any CPU.ActiveCfg = Debug|Any CPU
		{C55ED48C-605F-4423-9385-65CDC5EEAD37}.Debug|Any CPU.Build.0 = Debug|Any CPU
		{C55ED48C-605F-4423-9385-65CDC5EEAD37}.Release|Any CPU.ActiveCfg = Release|Any CPU
		{C55ED48C-605F-4423-9385-65CDC5EEAD37}.Release|Any CPU.Build.0 = Release|Any CPU
	EndGlobalSection
	GlobalSection(SolutionProperties) = preSolution
		HideSolutionNode = FALSE
	EndGlobalSection
	GlobalSection(ExtensibilityGlobals) = postSolution
		SolutionGuid = {C07D1EAC-984D-4FC5-8A47-0C2C5A1E5ADC}
	EndGlobalSection
EndGlobal
